PODS:
  - Alamofire (5.2.2)
  - BTNavigationDropdownMenu (0.5)
  - SDWebImage (5.8.4):
    - SDWebImage/Core (= 5.8.4)
  - SDWebImage/Core (5.8.4)

DEPENDENCIES:
  - Alamofire (~> 5.2)
  - BTNavigationDropdownMenu
  - SDWebImage (~> 5.0)

SPEC REPOS:
  trunk:
    - Alamofire
    - BTNavigationDropdownMenu
    - SDWebImage

SPEC CHECKSUMS:
  Alamofire: 814429acc853c6c54ff123fc3d2ef66803823ce0
  BTNavigationDropdownMenu: ba3a26fdb6a56c4721c31df8a0875106c259663a
  SDWebImage: cf6922231e95550934da2ada0f20f2becf2ceba9

PODFILE CHECKSUM: 460c45cead0fc5f9c0de9c39bff4ed3738f28975

COCOAPODS: 1.9.3
